
Microsoft Visual Studio Solution File, Format Version 12.00
# Visual Studio Version 16
VisualStudioVersion = 16.0.29609.76
MinimumVisualStudioVersion = 10.0.40219.1
Project("{FAE04EC0-301F-11D3-BF4B-00C04F79EFBC}") = "RandomDomainGenerator", "RandomDomainGenerator\RandomDomainGenerator.csproj", "{58FFE6F0-0575-4F4D-90E4-22B3D140B8A3}"
EndProject
Global
	GlobalSection(SolutionConfigurationPlatforms) = preSolution
		Debug|Any CPU = Debug|Any CPU
		Release|Any CPU = Release|Any CPU
	EndGlobalSection
	GlobalSection(ProjectConfigurationPlatforms) = postSolution
		{58FFE6F0-0575-4F4D-90E4-22B3D140B8A3}.Debug|Any CPU.ActiveCfg = Debug|Any CPU
		{58FFE6F0-0575-4F4D-90E4-22B3D140B8A3}.Debug|Any CPU.Build.0 = Debug|Any CPU
		{58FFE6F0-0575-4F4D-90E4-22B3D140B8A3}.Release|Any CPU.ActiveCfg = Release|Any CPU
		{58FFE6F0-0575-4F4D-90E4-22B3D140B8A3}.Release|Any CPU.Build.0 = Release|Any CPU
	EndGlobalSection
	GlobalSection(SolutionProperties) = preSolution
		HideSolutionNode = FALSE
	EndGlobalSection
	GlobalSection(ExtensibilityGlobals) = postSolution
		SolutionGuid = {21381BAA-4C02-4231-901D-77A839D82677}
	EndGlobalSection
EndGlobal
